
Microsoft Visual Studio Solution File, Format Version 12.00
# Visual Studio Version 17
VisualStudioVersion = 17.11.35208.52
MinimumVisualStudioVersion = 10.0.40219.1
Project("{9A19103F-16F7-4668-BE54-9A1E7A4F7556}") = "TpLab4", "TpLab4.csproj", "{DFCB553C-210C-4966-BDFF-A567B8ED410A}"
EndProject
Global
	GlobalSection(SolutionConfigurationPlatforms) = preSolution
		Debug|Any CPU = Debug|Any CPU
		Release|Any CPU = Release|Any CPU
	EndGlobalSection
	GlobalSection(ProjectConfigurationPlatforms) = postSolution
		{DFCB553C-210C-4966-BDFF-A567B8ED410A}.Debug|Any CPU.ActiveCfg = Debug|Any CPU
		{DFCB553C-210C-4966-BDFF-A567B8ED410A}.Debug|Any CPU.Build.0 = Debug|Any CPU
		{DFCB553C-210C-4966-BDFF-A567B8ED410A}.Release|Any CPU.ActiveCfg = Release|Any CPU
		{DFCB553C-210C-4966-BDFF-A567B8ED410A}.Release|Any CPU.Build.0 = Release|Any CPU
	EndGlobalSection
	GlobalSection(SolutionProperties) = preSolution
		HideSolutionNode = FALSE
	EndGlobalSection
	GlobalSection(ExtensibilityGlobals) = postSolution
		SolutionGuid = {60909EE7-4CA7-486D-84F9-F29BBBF6D648}
	EndGlobalSection
EndGlobal
